
Microsoft Visual Studio Solution File, Format Version 12.00
# Visual Studio Version 17
VisualStudioVersion = 17.2.32602.215
MinimumVisualStudioVersion = 10.0.40219.1
Project("{FAE04EC0-301F-11D3-BF4B-00C04F79EFBC}") = "Demo_AOwn", "Demo_AOwn\Demo_AOwn.csproj", "{DE95A6C2-1A04-47AA-A72A-3CFF747385E1}"
EndProject
Global
	GlobalSection(SolutionConfigurationPlatforms) = preSolution
		Debug|Any CPU = Debug|Any CPU
		Release|Any CPU = Release|Any CPU
	EndGlobalSection
	GlobalSection(ProjectConfigurationPlatforms) = postSolution
		{DE95A6C2-1A04-47AA-A72A-3CFF747385E1}.Debug|Any CPU.ActiveCfg = Debug|Any CPU
		{DE95A6C2-1A04-47AA-A72A-3CFF747385E1}.Debug|Any CPU.Build.0 = Debug|Any CPU
		{DE95A6C2-1A04-47AA-A72A-3CFF747385E1}.Release|Any CPU.ActiveCfg = Release|Any CPU
		{DE95A6C2-1A04-47AA-A72A-3CFF747385E1}.Release|Any CPU.Build.0 = Release|Any CPU
	EndGlobalSection
	GlobalSection(SolutionProperties) = preSolution
		HideSolutionNode = FALSE
	EndGlobalSection
	GlobalSection(ExtensibilityGlobals) = postSolution
		SolutionGuid = {41A1FB59-7B7C-4B63-8EB9-19F8C7E53D2A}
	EndGlobalSection
EndGlobal
